
Microsoft Visual Studio Solution File, Format Version 12.00
# Visual Studio Version 16
VisualStudioVersion = 16.0.31424.327
MinimumVisualStudioVersion = 10.0.40219.1
Project("{FAE04EC0-301F-11D3-BF4B-00C04F79EFBC}") = "Inheritance", "Inheritance\Inheritance.csproj", "{873BF79A-2451-40E3-A052-3BBD4F894494}"
EndProject
Global
	GlobalSection(SolutionConfigurationPlatforms) = preSolution
		Debug|Any CPU = Debug|Any CPU
		Release|Any CPU = Release|Any CPU
	EndGlobalSection
	GlobalSection(ProjectConfigurationPlatforms) = postSolution
		{873BF79A-2451-40E3-A052-3BBD4F894494}.Debug|Any CPU.ActiveCfg = Debug|Any CPU
		{873BF79A-2451-40E3-A052-3BBD4F894494}.Debug|Any CPU.Build.0 = Debug|Any CPU
		{873BF79A-2451-40E3-A052-3BBD4F894494}.Release|Any CPU.ActiveCfg = Release|Any CPU
		{873BF79A-2451-40E3-A052-3BBD4F894494}.Release|Any CPU.Build.0 = Release|Any CPU
	EndGlobalSection
	GlobalSection(SolutionProperties) = preSolution
		HideSolutionNode = FALSE
	EndGlobalSection
	GlobalSection(ExtensibilityGlobals) = postSolution
		SolutionGuid = {5D689A08-4AD4-426E-921E-B138B46F5876}
	EndGlobalSection
EndGlobal
